
Microsoft Visual Studio Solution File, Format Version 12.00
# Visual Studio 2012
Project("{8BC9CEB8-8B4A-11D0-8D11-00A0C91BC942}") = "XBOXRECV_ino", "XBOXRECV_ino.vcxproj", "{CCF5C384-94B5-4135-B40C-641331852BA1}"
EndProject
Global
	GlobalSection(SolutionConfigurationPlatforms) = preSolution
		Debug|Win32 = Debug|Win32
		Release|Win32 = Release|Win32
	EndGlobalSection
	GlobalSection(ProjectConfigurationPlatforms) = postSolution
		{CCF5C384-94B5-4135-B40C-641331852BA1}.Debug|Win32.ActiveCfg = Debug|Win32
		{CCF5C384-94B5-4135-B40C-641331852BA1}.Debug|Win32.Build.0 = Debug|Win32
		{CCF5C384-94B5-4135-B40C-641331852BA1}.Release|Win32.ActiveCfg = Release|Win32
		{CCF5C384-94B5-4135-B40C-641331852BA1}.Release|Win32.Build.0 = Release|Win32
	EndGlobalSection
	GlobalSection(SolutionProperties) = preSolution
		HideSolutionNode = FALSE
	EndGlobalSection
EndGlobal
